
Microsoft Visual Studio Solution File, Format Version 11.00
# Visual Studio 2010
Project("{FAE04EC0-301F-11D3-BF4B-00C04F79EFBC}") = "SitecoreSplashPage", "SitecoreSplashPage.csproj", "{8CF87990-C37B-48BF-8F9D-7A8434D19ED3}"
EndProject
Global
	GlobalSection(SolutionConfigurationPlatforms) = preSolution
		Debug|Any CPU = Debug|Any CPU
		Release|Any CPU = Release|Any CPU
	EndGlobalSection
	GlobalSection(ProjectConfigurationPlatforms) = postSolution
		{8CF87990-C37B-48BF-8F9D-7A8434D19ED3}.Debug|Any CPU.ActiveCfg = Debug|Any CPU
		{8CF87990-C37B-48BF-8F9D-7A8434D19ED3}.Debug|Any CPU.Build.0 = Debug|Any CPU
		{8CF87990-C37B-48BF-8F9D-7A8434D19ED3}.Release|Any CPU.ActiveCfg = Release|Any CPU
		{8CF87990-C37B-48BF-8F9D-7A8434D19ED3}.Release|Any CPU.Build.0 = Release|Any CPU
	EndGlobalSection
	GlobalSection(SolutionProperties) = preSolution
		HideSolutionNode = FALSE
	EndGlobalSection
EndGlobal
